
Microsoft Visual Studio Solution File, Format Version 12.00
# Visual Studio 15
VisualStudioVersion = 15.0.28010.2003
MinimumVisualStudioVersion = 10.0.40219.1
Project("{9A19103F-16F7-4668-BE54-9A1E7A4F7556}") = "ChallengeRunes", "ChallengeRunes.csproj", "{9DF399A1-AB6C-41CE-B614-62CA811F0373}"
EndProject
Global
	GlobalSection(SolutionConfigurationPlatforms) = preSolution
		Debug|Any CPU = Debug|Any CPU
		Release|Any CPU = Release|Any CPU
	EndGlobalSection
	GlobalSection(ProjectConfigurationPlatforms) = postSolution
		{9DF399A1-AB6C-41CE-B614-62CA811F0373}.Debug|Any CPU.ActiveCfg = Debug|Any CPU
		{9DF399A1-AB6C-41CE-B614-62CA811F0373}.Debug|Any CPU.Build.0 = Debug|Any CPU
		{9DF399A1-AB6C-41CE-B614-62CA811F0373}.Release|Any CPU.ActiveCfg = Release|Any CPU
		{9DF399A1-AB6C-41CE-B614-62CA811F0373}.Release|Any CPU.Build.0 = Release|Any CPU
	EndGlobalSection
	GlobalSection(SolutionProperties) = preSolution
		HideSolutionNode = FALSE
	EndGlobalSection
	GlobalSection(ExtensibilityGlobals) = postSolution
		SolutionGuid = {347DE411-4B57-4F85-8344-5287024377AB}
	EndGlobalSection
EndGlobal
